{
  "version": 4,
  "terraform_version": "1.13.3",
  "serial": 11,
  "lineage": "adb8c1d5-fe53-5309-2d34-f91e4449d064",
  "outputs": {
    "api_gateway_invoke_url": {
      "value": "https://hfhnn0wmml.execute-api.us-east-1.amazonaws.com/dev",
      "type": "string"
    }
  },
  "resources": [
    {
      "mode": "data",
      "type": "aws_caller_identity",
      "name": "current",
      "provider": "provider[\"registry.terraform.io/hashicorp/aws\"]",
      "instances": [
        {
          "schema_version": 0,
          "attributes": {
            "account_id": "499243079593",
            "arn": "arn:aws:iam::499243079593:user/yumi-fiap",
            "id": "499243079593",
            "user_id": "AIDAXIPJU26UT6TOCLCJA"
          },
          "sensitive_attributes": [],
          "identity_schema_version": 0
        }
      ]
    },
    {
      "mode": "managed",
      "type": "aws_api_gateway_deployment",
      "name": "api_deployment",
      "provider": "provider[\"registry.terraform.io/hashicorp/aws\"]",
      "instances": [
        {
          "schema_version": 0,
          "attributes": {
            "canary_settings": [],
            "created_date": "2025-09-25T03:15:59Z",
            "description": "",
            "execution_arn": "arn:aws:execute-api:us-east-1:499243079593:hfhnn0wmml/",
            "id": "mm7qxv",
            "invoke_url": "https://hfhnn0wmml.execute-api.us-east-1.amazonaws.com/",
            "rest_api_id": "hfhnn0wmml",
            "stage_description": null,
            "stage_name": null,
            "triggers": null,
            "variables": null
          },
          "sensitive_attributes": [],
          "identity_schema_version": 0,
          "private": "bnVsbA==",
          "dependencies": [
            "aws_api_gateway_integration.lambda_integration",
            "aws_api_gateway_method.my_method",
            "aws_api_gateway_resource.my_resource",
            "aws_api_gateway_rest_api.tech_challenge_api",
            "aws_iam_role.lambda_exec_role",
            "aws_lambda_function.lambda_tech_challenge"
          ]
        }
      ]
    },
    {
      "mode": "managed",
      "type": "aws_api_gateway_integration",
      "name": "lambda_integration",
      "provider": "provider[\"registry.terraform.io/hashicorp/aws\"]",
      "instances": [
        {
          "schema_version": 0,
          "attributes": {
            "cache_key_parameters": null,
            "cache_namespace": "blpc96",
            "connection_id": "",
            "connection_type": "INTERNET",
            "content_handling": "",
            "credentials": "",
            "http_method": "GET",
            "id": "agi-hfhnn0wmml-blpc96-GET",
            "integration_http_method": "POST",
            "passthrough_behavior": "WHEN_NO_MATCH",
            "request_parameters": null,
            "request_templates": null,
            "resource_id": "blpc96",
            "rest_api_id": "hfhnn0wmml",
            "timeout_milliseconds": 29000,
            "tls_config": [],
            "type": "AWS_PROXY",
            "uri": "arn:aws:apigateway:us-east-1:lambda:path/2015-03-31/functions/arn:aws:lambda:us-east-1:499243079593:function:tech-challenge-kotlin-lambda/invocations"
          },
          "sensitive_attributes": [],
          "identity_schema_version": 0,
          "private": "bnVsbA==",
          "dependencies": [
            "aws_api_gateway_method.my_method",
            "aws_api_gateway_resource.my_resource",
            "aws_api_gateway_rest_api.tech_challenge_api",
            "aws_iam_role.lambda_exec_role",
            "aws_lambda_function.lambda_tech_challenge"
          ]
        }
      ]
    },
    {
      "mode": "managed",
      "type": "aws_api_gateway_method",
      "name": "my_method",
      "provider": "provider[\"registry.terraform.io/hashicorp/aws\"]",
      "instances": [
        {
          "schema_version": 0,
          "attributes": {
            "api_key_required": false,
            "authorization": "NONE",
            "authorization_scopes": null,
            "authorizer_id": null,
            "http_method": "GET",
            "id": "agm-hfhnn0wmml-blpc96-GET",
            "operation_name": null,
            "request_models": null,
            "request_parameters": null,
            "request_validator_id": null,
            "resource_id": "blpc96",
            "rest_api_id": "hfhnn0wmml"
          },
          "sensitive_attributes": [],
          "identity_schema_version": 0,
          "private": "bnVsbA==",
          "dependencies": [
            "aws_api_gateway_resource.my_resource",
            "aws_api_gateway_rest_api.tech_challenge_api"
          ]
        }
      ]
    },
    {
      "mode": "managed",
      "type": "aws_api_gateway_resource",
      "name": "my_resource",
      "provider": "provider[\"registry.terraform.io/hashicorp/aws\"]",
      "instances": [
        {
          "schema_version": 0,
          "attributes": {
            "id": "blpc96",
            "parent_id": "2bvjaxpuue",
            "path": "/hello",
            "path_part": "hello",
            "rest_api_id": "hfhnn0wmml"
          },
          "sensitive_attributes": [],
          "identity_schema_version": 0,
          "private": "bnVsbA==",
          "dependencies": [
            "aws_api_gateway_rest_api.tech_challenge_api"
          ]
        }
      ]
    },
    {
      "mode": "managed",
      "type": "aws_api_gateway_rest_api",
      "name": "tech_challenge_api",
      "provider": "provider[\"registry.terraform.io/hashicorp/aws\"]",
      "instances": [
        {
          "schema_version": 0,
          "attributes": {
            "api_key_source": "HEADER",
            "arn": "arn:aws:apigateway:us-east-1::/restapis/hfhnn0wmml",
            "binary_media_types": [],
            "body": null,
            "created_date": "2025-09-25T03:15:41Z",
            "description": "tech-challenge API Gateway",
            "disable_execute_api_endpoint": false,
            "endpoint_configuration": [
              {
                "ip_address_type": "ipv4",
                "types": [
                  "EDGE"
                ],
                "vpc_endpoint_ids": []
              }
            ],
            "execution_arn": "arn:aws:execute-api:us-east-1:499243079593:hfhnn0wmml",
            "fail_on_warnings": null,
            "id": "hfhnn0wmml",
            "minimum_compression_size": "",
            "name": "tech-challenge-api",
            "parameters": null,
            "policy": "",
            "put_rest_api_mode": null,
            "root_resource_id": "2bvjaxpuue",
            "tags": {
              "Environment": "Development",
              "Project": "tech-challenge"
            },
            "tags_all": {
              "Environment": "Development",
              "Project": "tech-challenge"
            }
          },
          "sensitive_attributes": [],
          "identity_schema_version": 0,
          "private": "bnVsbA=="
        }
      ]
    },
    {
      "mode": "managed",
      "type": "aws_api_gateway_stage",
      "name": "dev",
      "provider": "provider[\"registry.terraform.io/hashicorp/aws\"]",
      "instances": [
        {
          "schema_version": 0,
          "attributes": {
            "access_log_settings": [],
            "arn": "arn:aws:apigateway:us-east-1::/restapis/hfhnn0wmml/stages/dev",
            "cache_cluster_enabled": false,
            "cache_cluster_size": "",
            "canary_settings": [],
            "client_certificate_id": "",
            "deployment_id": "mm7qxv",
            "description": "",
            "documentation_version": "",
            "execution_arn": "arn:aws:execute-api:us-east-1:499243079593:hfhnn0wmml/dev",
            "id": "ags-hfhnn0wmml-dev",
            "invoke_url": "https://hfhnn0wmml.execute-api.us-east-1.amazonaws.com/dev",
            "rest_api_id": "hfhnn0wmml",
            "stage_name": "dev",
            "tags": null,
            "tags_all": {},
            "variables": null,
            "web_acl_arn": "",
            "xray_tracing_enabled": false
          },
          "sensitive_attributes": [],
          "identity_schema_version": 0,
          "private": "bnVsbA==",
          "dependencies": [
            "aws_api_gateway_deployment.api_deployment",
            "aws_api_gateway_integration.lambda_integration",
            "aws_api_gateway_method.my_method",
            "aws_api_gateway_resource.my_resource",
            "aws_api_gateway_rest_api.tech_challenge_api",
            "aws_iam_role.lambda_exec_role",
            "aws_lambda_function.lambda_tech_challenge"
          ]
        }
      ]
    },
    {
      "mode": "managed",
      "type": "aws_iam_role",
      "name": "lambda_exec_role",
      "provider": "provider[\"registry.terraform.io/hashicorp/aws\"]",
      "instances": [
        {
          "schema_version": 0,
          "attributes": {
            "arn": "arn:aws:iam::499243079593:role/tech-challenge-lambda-exec-role",
            "assume_role_policy": "{\"Statement\":[{\"Action\":\"sts:AssumeRole\",\"Effect\":\"Allow\",\"Principal\":{\"Service\":\"lambda.amazonaws.com\"}}],\"Version\":\"2012-10-17\"}",
            "create_date": "2025-09-25T03:15:41Z",
            "description": "",
            "force_detach_policies": false,
            "id": "tech-challenge-lambda-exec-role",
            "inline_policy": [],
            "managed_policy_arns": [],
            "max_session_duration": 3600,
            "name": "tech-challenge-lambda-exec-role",
            "name_prefix": "",
            "path": "/",
            "permissions_boundary": "",
            "tags": {
              "Project": "tech-challenge"
            },
            "tags_all": {
              "Project": "tech-challenge"
            },
            "unique_id": "AROAXIPJU26UT2Q7QDSNW"
          },
          "sensitive_attributes": [],
          "identity_schema_version": 0,
          "private": "bnVsbA=="
        }
      ]
    },
    {
      "mode": "managed",
      "type": "aws_iam_role_policy_attachment",
      "name": "lambda_basic_execution_policy",
      "provider": "provider[\"registry.terraform.io/hashicorp/aws\"]",
      "instances": [
        {
          "schema_version": 0,
          "attributes": {
            "id": "tech-challenge-lambda-exec-role-20250925031541922700000001",
            "policy_arn": "arn:aws:iam::aws:policy/service-role/AWSLambdaBasicExecutionRole",
            "role": "tech-challenge-lambda-exec-role"
          },
          "sensitive_attributes": [],
          "identity_schema_version": 0,
          "private": "bnVsbA==",
          "dependencies": [
            "aws_iam_role.lambda_exec_role"
          ]
        }
      ]
    },
    {
      "mode": "managed",
      "type": "aws_lambda_function",
      "name": "lambda_tech_challenge",
      "provider": "provider[\"registry.terraform.io/hashicorp/aws\"]",
      "instances": [
        {
          "schema_version": 0,
          "attributes": {
            "architectures": [
              "x86_64"
            ],
            "arn": "arn:aws:lambda:us-east-1:499243079593:function:tech-challenge-kotlin-lambda",
            "code_sha256": "S48NChZPMcxqAoRpD9pJNXn6Ijx2fXvaE/sJintqkho=",
            "code_signing_config_arn": "",
            "dead_letter_config": [],
            "description": "",
            "environment": [
              {
                "variables": {
                  "REGION": "us-east-1"
                }
              }
            ],
            "ephemeral_storage": [
              {
                "size": 512
              }
            ],
            "file_system_config": [],
            "filename": null,
            "function_name": "tech-challenge-kotlin-lambda",
            "handler": "br.com.fiap.techchallenge.LambdaHandler::handleRequest",
            "id": "tech-challenge-kotlin-lambda",
            "image_config": [],
            "image_uri": "",
            "invoke_arn": "arn:aws:apigateway:us-east-1:lambda:path/2015-03-31/functions/arn:aws:lambda:us-east-1:499243079593:function:tech-challenge-kotlin-lambda/invocations",
            "kms_key_arn": "",
            "last_modified": "2025-09-25T03:15:52.667+0000",
            "layers": null,
            "logging_config": [
              {
                "application_log_level": "",
                "log_format": "Text",
                "log_group": "/aws/lambda/tech-challenge-kotlin-lambda",
                "system_log_level": ""
              }
            ],
            "memory_size": 128,
            "package_type": "Zip",
            "publish": false,
            "qualified_arn": "arn:aws:lambda:us-east-1:499243079593:function:tech-challenge-kotlin-lambda:$LATEST",
            "qualified_invoke_arn": "arn:aws:apigateway:us-east-1:lambda:path/2015-03-31/functions/arn:aws:lambda:us-east-1:499243079593:function:tech-challenge-kotlin-lambda:$LATEST/invocations",
            "replace_security_groups_on_destroy": null,
            "replacement_security_group_ids": null,
            "reserved_concurrent_executions": -1,
            "role": "arn:aws:iam::499243079593:role/tech-challenge-lambda-exec-role",
            "runtime": "java21",
            "s3_bucket": "grupo-125-tech-challenge-lambda",
            "s3_key": "tech-challenge-lambda.jar",
            "s3_object_version": null,
            "signing_job_arn": "",
            "signing_profile_version_arn": "",
            "skip_destroy": false,
            "snap_start": [],
            "source_code_hash": "S48NChZPMcxqAoRpD9pJNXn6Ijx2fXvaE/sJintqkho=",
            "source_code_size": 3030646,
            "tags": {
              "Environment": "Development",
              "Project": "tech-challenge"
            },
            "tags_all": {
              "Environment": "Development",
              "Project": "tech-challenge"
            },
            "timeout": 3,
            "timeouts": null,
            "tracing_config": [
              {
                "mode": "PassThrough"
              }
            ],
            "version": "$LATEST",
            "vpc_config": []
          },
          "sensitive_attributes": [],
          "identity_schema_version": 0,
          "private": "eyJlMmJmYjczMC1lY2FhLTExZTYtOGY4OC0zNDM2M2JjN2M0YzAiOnsiY3JlYXRlIjo2MDAwMDAwMDAwMDAsImRlbGV0ZSI6NjAwMDAwMDAwMDAwLCJ1cGRhdGUiOjYwMDAwMDAwMDAwMH19",
          "dependencies": [
            "aws_iam_role.lambda_exec_role"
          ]
        }
      ]
    },
    {
      "mode": "managed",
      "type": "aws_lambda_permission",
      "name": "allow_api_gateway_invoke_lambda",
      "provider": "provider[\"registry.terraform.io/hashicorp/aws\"]",
      "instances": [
        {
          "schema_version": 0,
          "attributes": {
            "action": "lambda:InvokeFunction",
            "event_source_token": null,
            "function_name": "tech-challenge-kotlin-lambda",
            "function_url_auth_type": null,
            "id": "AllowAPIGatewayInvokeLambda",
            "principal": "apigateway.amazonaws.com",
            "principal_org_id": null,
            "qualifier": "",
            "source_account": null,
            "source_arn": "arn:aws:execute-api:us-east-1:499243079593:hfhnn0wmml/*/*",
            "statement_id": "AllowAPIGatewayInvokeLambda",
            "statement_id_prefix": ""
          },
          "sensitive_attributes": [],
          "identity_schema_version": 0,
          "private": "bnVsbA==",
          "dependencies": [
            "aws_api_gateway_rest_api.tech_challenge_api",
            "aws_iam_role.lambda_exec_role",
            "aws_lambda_function.lambda_tech_challenge"
          ]
        }
      ]
    }
  ],
  "check_results": null
}
